
Microsoft Visual Studio Solution File, Format Version 12.00
# Visual Studio Version 17
VisualStudioVersion = 17.10.35122.118
MinimumVisualStudioVersion = 10.0.40219.1
Project("{FAE04EC0-301F-11D3-BF4B-00C04F79EFBC}") = "Integracao_Num", "Integracao_Num.csproj", "{3DB0ABA6-320D-4BA4-9232-AA7C106C0893}"
EndProject
Global
	GlobalSection(SolutionConfigurationPlatforms) = preSolution
		Debug|Any CPU = Debug|Any CPU
		Release|Any CPU = Release|Any CPU
	EndGlobalSection
	GlobalSection(ProjectConfigurationPlatforms) = postSolution
		{3DB0ABA6-320D-4BA4-9232-AA7C106C0893}.Debug|Any CPU.ActiveCfg = Debug|Any CPU
		{3DB0ABA6-320D-4BA4-9232-AA7C106C0893}.Debug|Any CPU.Build.0 = Debug|Any CPU
		{3DB0ABA6-320D-4BA4-9232-AA7C106C0893}.Release|Any CPU.ActiveCfg = Release|Any CPU
		{3DB0ABA6-320D-4BA4-9232-AA7C106C0893}.Release|Any CPU.Build.0 = Release|Any CPU
	EndGlobalSection
	GlobalSection(SolutionProperties) = preSolution
		HideSolutionNode = FALSE
	EndGlobalSection
	GlobalSection(ExtensibilityGlobals) = postSolution
		SolutionGuid = {42FCB82F-AF7D-438E-AC25-B158B89943BE}
	EndGlobalSection
EndGlobal
